
Microsoft Visual Studio Solution File, Format Version 12.00
# Visual Studio Version 17
VisualStudioVersion = 17.0.31903.59
MinimumVisualStudioVersion = 10.0.40219.1
Project("{9A19103F-16F7-4668-BE54-9A1E7A4F7556}") = "DogsHouse.API", "DogsHouse.API\DogsHouse.API.csproj", "{FEB3C1B3-8A76-4151-8CF5-B097940FAABF}"
EndProject
Project("{9A19103F-16F7-4668-BE54-9A1E7A4F7556}") = "DogsHouse.Infrastructure", "DogsHouse.Infrastructure\DogsHouse.Infrastructure.csproj", "{E9D2DF38-E520-4A80-AC48-4AFD7F38306E}"
EndProject
Project("{9A19103F-16F7-4668-BE54-9A1E7A4F7556}") = "DogsHouse.Application", "DogsHouse.Application\DogsHouse.Application.csproj", "{70EA2261-28E9-4592-BA7B-B7B45FAD6A78}"
EndProject
Project("{9A19103F-16F7-4668-BE54-9A1E7A4F7556}") = "DogsHouse.Domain", "DogsHouse.Domain\DogsHouse.Domain.csproj", "{7BF7A876-D2D2-4F2E-9411-24AC5FFDBA57}"
EndProject
Project("{9A19103F-16F7-4668-BE54-9A1E7A4F7556}") = "DogsHouse.Contracts", "DogsHouse.Contracts\DogsHouse.Contracts.csproj", "{81CA6A7B-2A65-4FF6-B014-6062B78391FA}"
EndProject
Project("{2150E333-8FDC-42A3-9474-1A3956D46DE8}") = "tests", "tests", "{1F0220E5-65D2-4599-90E9-9190F5EF5C17}"
EndProject
Project("{9A19103F-16F7-4668-BE54-9A1E7A4F7556}") = "DogsHouse.Application.UnitTests", "tests\DogsHouse.Application.UnitTests\DogsHouse.Application.UnitTests.csproj", "{FD801D33-E937-491D-88A1-7834816BEF30}"
EndProject
Project("{2150E333-8FDC-42A3-9474-1A3956D46DE8}") = "Solution Items", "Solution Items", "{B3C0322D-FBC2-4B8E-BC29-2847018616CA}"
	ProjectSection(SolutionItems) = preProject
		.dockerignore = .dockerignore
		docker-compose.yml = docker-compose.yml
		Dockerfile = Dockerfile
	EndProjectSection
EndProject
Global
	GlobalSection(SolutionConfigurationPlatforms) = preSolution
		Debug|Any CPU = Debug|Any CPU
		Release|Any CPU = Release|Any CPU
	EndGlobalSection
	GlobalSection(ProjectConfigurationPlatforms) = postSolution
		{FEB3C1B3-8A76-4151-8CF5-B097940FAABF}.Debug|Any CPU.ActiveCfg = Debug|Any CPU
		{FEB3C1B3-8A76-4151-8CF5-B097940FAABF}.Debug|Any CPU.Build.0 = Debug|Any CPU
		{FEB3C1B3-8A76-4151-8CF5-B097940FAABF}.Release|Any CPU.ActiveCfg = Release|Any CPU
		{FEB3C1B3-8A76-4151-8CF5-B097940FAABF}.Release|Any CPU.Build.0 = Release|Any CPU
		{E9D2DF38-E520-4A80-AC48-4AFD7F38306E}.Debug|Any CPU.ActiveCfg = Debug|Any CPU
		{E9D2DF38-E520-4A80-AC48-4AFD7F38306E}.Debug|Any CPU.Build.0 = Debug|Any CPU
		{E9D2DF38-E520-4A80-AC48-4AFD7F38306E}.Release|Any CPU.ActiveCfg = Release|Any CPU
		{E9D2DF38-E520-4A80-AC48-4AFD7F38306E}.Release|Any CPU.Build.0 = Release|Any CPU
		{70EA2261-28E9-4592-BA7B-B7B45FAD6A78}.Debug|Any CPU.ActiveCfg = Debug|Any CPU
		{70EA2261-28E9-4592-BA7B-B7B45FAD6A78}.Debug|Any CPU.Build.0 = Debug|Any CPU
		{70EA2261-28E9-4592-BA7B-B7B45FAD6A78}.Release|Any CPU.ActiveCfg = Release|Any CPU
		{70EA2261-28E9-4592-BA7B-B7B45FAD6A78}.Release|Any CPU.Build.0 = Release|Any CPU
		{7BF7A876-D2D2-4F2E-9411-24AC5FFDBA57}.Debug|Any CPU.ActiveCfg = Debug|Any CPU
		{7BF7A876-D2D2-4F2E-9411-24AC5FFDBA57}.Debug|Any CPU.Build.0 = Debug|Any CPU
		{7BF7A876-D2D2-4F2E-9411-24AC5FFDBA57}.Release|Any CPU.ActiveCfg = Release|Any CPU
		{7BF7A876-D2D2-4F2E-9411-24AC5FFDBA57}.Release|Any CPU.Build.0 = Release|Any CPU
		{81CA6A7B-2A65-4FF6-B014-6062B78391FA}.Debug|Any CPU.ActiveCfg = Debug|Any CPU
		{81CA6A7B-2A65-4FF6-B014-6062B78391FA}.Debug|Any CPU.Build.0 = Debug|Any CPU
		{81CA6A7B-2A65-4FF6-B014-6062B78391FA}.Release|Any CPU.ActiveCfg = Release|Any CPU
		{81CA6A7B-2A65-4FF6-B014-6062B78391FA}.Release|Any CPU.Build.0 = Release|Any CPU
		{FD801D33-E937-491D-88A1-7834816BEF30}.Debug|Any CPU.ActiveCfg = Debug|Any CPU
		{FD801D33-E937-491D-88A1-7834816BEF30}.Debug|Any CPU.Build.0 = Debug|Any CPU
		{FD801D33-E937-491D-88A1-7834816BEF30}.Release|Any CPU.ActiveCfg = Release|Any CPU
		{FD801D33-E937-491D-88A1-7834816BEF30}.Release|Any CPU.Build.0 = Release|Any CPU
	EndGlobalSection
	GlobalSection(SolutionProperties) = preSolution
		HideSolutionNode = FALSE
	EndGlobalSection
	GlobalSection(NestedProjects) = preSolution
		{FD801D33-E937-491D-88A1-7834816BEF30} = {1F0220E5-65D2-4599-90E9-9190F5EF5C17}
	EndGlobalSection
	GlobalSection(ExtensibilityGlobals) = postSolution
		SolutionGuid = {BFE54362-36F7-4DCF-B132-FE32B22EC6A2}
	EndGlobalSection
EndGlobal
